{
    "_readme": [
        "This file locks the dependencies of your project to a known state",
        "Read more about it at https://getcomposer.org/doc/01-basic-usage.md#installing-dependencies",
        "This file is @generated automatically"
    ],
    "content-hash": "a41e5adcba11e37ab6c5ecd25fb0986f",
    "packages": [
        {
            "name": "hhvm/hhvm-autoload",
            "version": "1.6.8",
            "source": {
                "type": "git",
                "url": "https://github.com/hhvm/hhvm-autoload.git",
                "reference": "ec0fb2b944fc267f2f3726dbc29744593452b0d4"
            },
            "dist": {
                "type": "zip",
                "url": "https://api.github.com/repos/hhvm/hhvm-autoload/zipball/ec0fb2b944fc267f2f3726dbc29744593452b0d4",
                "reference": "ec0fb2b944fc267f2f3726dbc29744593452b0d4",
                "shasum": ""
            },
            "require": {
                "composer-plugin-api": "^1.0",
                "hhvm": "^3.28"
            },
            "replace": {
                "facebook/hhvm-autoload": "1.*"
            },
            "require-dev": {
                "91carriage/phpunit-hhi": "^5.7",
                "facebook/fbexpect": "^1.1",
                "phpunit/phpunit": "^5.5"
            },
            "bin": [
                "bin/hh-autoload"
            ],
            "type": "composer-plugin",
            "extra": {
                "class": [
                    "Facebook\\AutoloadMap\\ComposerPlugin"
                ]
            },
            "autoload": {
                "classmap": [
                    "src/Writer.php",
                    "src/"
                ],
                "files": [
                    "src/AutoloadMap.php",
                    "src/Config.php",
                    "src/TypeAssert.php"
                ]
            },
            "notification-url": "https://packagist.org/downloads/",
            "time": "2018-08-23T22:25:14+00:00"
        },
        {
            "name": "hhvm/hsl",
            "version": "v3.28.0",
            "source": {
                "type": "git",
                "url": "https://github.com/hhvm/hsl.git",
                "reference": "483c5e98e2a389f11e36a643d5aef06b024b6eba"
            },
            "dist": {
                "type": "zip",
                "url": "https://api.github.com/repos/hhvm/hsl/zipball/483c5e98e2a389f11e36a643d5aef06b024b6eba",
                "reference": "483c5e98e2a389f11e36a643d5aef06b024b6eba",
                "shasum": ""
            },
            "require": {
                "hhvm": "^3.28.0",
                "hhvm/hhvm-autoload": "^1.4"
            },
            "require-dev": {
                "facebook/fbexpect": "^1.0.0",
                "hhvm/hacktest": "^0.2"
            },
            "type": "library",
            "extra": {
                "branch-alias": {
                    "dev-master": "3.x-dev"
                }
            },
            "notification-url": "https://packagist.org/downloads/",
            "license": [
                "MIT"
            ],
            "description": "The Hack Standard Library",
            "time": "2018-08-27T18:09:57+00:00"
        },
        {
            "name": "hhvm/type-assert",
            "version": "v3.2.3",
            "source": {
                "type": "git",
                "url": "https://github.com/hhvm/type-assert.git",
                "reference": "a6bdab8c7f9be9e3021ef08fc465d86d63c747b0"
            },
            "dist": {
                "type": "zip",
                "url": "https://api.github.com/repos/hhvm/type-assert/zipball/a6bdab8c7f9be9e3021ef08fc465d86d63c747b0",
                "reference": "a6bdab8c7f9be9e3021ef08fc465d86d63c747b0",
                "shasum": ""
            },
            "require": {
                "hhvm": "^3.23.0",
                "hhvm/hhvm-autoload": "^1.4",
                "hhvm/hsl": "^1.0|^3.26.0"
            },
            "require-dev": {
                "91carriage/phpunit-hhi": "~5.1",
                "facebook/fbexpect": "^0.4.0|^1.0.0",
                "hhvm/hhast": "^3.27",
                "phpunit/phpunit": "~5.1"
            },
            "type": "library",
            "extra": {
                "branch-alias": {
                    "dev-master": "3.x-dev"
                }
            },
            "notification-url": "https://packagist.org/downloads/",
            "license": [
                "MIT"
            ],
            "description": "Convert untyped data to typed data",
            "keywords": [
                "TypeAssert",
                "hack"
            ],
            "time": "2018-08-27T19:17:44+00:00"
        }
    ],
    "packages-dev": [
        {
            "name": "facebook/difflib",
            "version": "v1.0",
            "source": {
                "type": "git",
                "url": "https://github.com/hhvm/difflib.git",
                "reference": "09505c7d66224fa7e5a8f775825bd70f05e57b01"
            },
            "dist": {
                "type": "zip",
                "url": "https://api.github.com/repos/hhvm/difflib/zipball/09505c7d66224fa7e5a8f775825bd70f05e57b01",
                "reference": "09505c7d66224fa7e5a8f775825bd70f05e57b01",
                "shasum": ""
            },
            "require": {
                "hhvm/hsl": "^3.28"
            },
            "require-dev": {
                "facebook/fbexpect": "^2.1.2",
                "hhvm/hacktest": "^1.0",
                "hhvm/hhast": "^3.28"
            },
            "type": "library",
            "extra": {
                "branch-alias": {
                    "dev-master": "0.2.x-dev"
                }
            },
            "notification-url": "https://packagist.org/downloads/",
            "license": [
                "MIT"
            ],
            "time": "2018-09-24T22:01:02+00:00"
        },
        {
            "name": "facebook/fbexpect",
            "version": "v2.1.3",
            "source": {
                "type": "git",
                "url": "https://github.com/hhvm/fbexpect.git",
                "reference": "77bf828c3181a28e6ae87db1c2cac88705f2ccb5"
            },
            "dist": {
                "type": "zip",
                "url": "https://api.github.com/repos/hhvm/fbexpect/zipball/77bf828c3181a28e6ae87db1c2cac88705f2ccb5",
                "reference": "77bf828c3181a28e6ae87db1c2cac88705f2ccb5",
                "shasum": ""
            },
            "require": {
                "facebook/difflib": "^1.0.0",
                "hhvm": "^3.28",
                "hhvm/hhvm-autoload": "^1.6",
                "hhvm/hsl": "^3.26"
            },
            "require-dev": {
                "hhvm/hacktest": "^1.0"
            },
            "type": "library",
            "notification-url": "https://packagist.org/downloads/",
            "license": [
                "MIT"
            ],
            "description": "Unit test helpers for Facebook projects",
            "time": "2018-09-25T16:08:09+00:00"
        },
        {
            "name": "facebook/hh-clilib",
            "version": "v1.2.1",
            "source": {
                "type": "git",
                "url": "https://github.com/hhvm/hh-clilib.git",
                "reference": "12542c339972c6fd77b2037a41b8f9b53212adcf"
            },
            "dist": {
                "type": "zip",
                "url": "https://api.github.com/repos/hhvm/hh-clilib/zipball/12542c339972c6fd77b2037a41b8f9b53212adcf",
                "reference": "12542c339972c6fd77b2037a41b8f9b53212adcf",
                "shasum": ""
            },
            "require": {
                "hhvm/hsl": "^3.26",
                "hhvm/type-assert": "^3.2"
            },
            "require-dev": {
                "facebook/fbexpect": "^2.1.0",
                "hhvm/hacktest": "^0.2.0",
                "hhvm/hhast": "~3.28.0"
            },
            "type": "library",
            "extra": {
                "branch-alias": {
                    "dev-master": "1.x-dev"
                }
            },
            "notification-url": "https://packagist.org/downloads/",
            "license": [
                "MIT"
            ],
            "time": "2018-09-14T20:36:22+00:00"
        },
        {
            "name": "hhvm/hacktest",
            "version": "v1.1",
            "source": {
                "type": "git",
                "url": "https://github.com/hhvm/hacktest.git",
                "reference": "9e851bfe5abc569cdef595664499bfa2f7982d35"
            },
            "dist": {
                "type": "zip",
                "url": "https://api.github.com/repos/hhvm/hacktest/zipball/9e851bfe5abc569cdef595664499bfa2f7982d35",
                "reference": "9e851bfe5abc569cdef595664499bfa2f7982d35",
                "shasum": ""
            },
            "require": {
                "facebook/hh-clilib": "^1.2.1",
                "hhvm": "^3.28.0",
                "hhvm/hhvm-autoload": "^1.6",
                "hhvm/hsl": "^3.26",
                "hhvm/type-assert": "^3.2"
            },
            "require-dev": {
                "91carriage/phpunit-hhi": "^5.7",
                "facebook/fbexpect": "^1.0.0",
                "hhvm/hhast": "^3.27",
                "phpunit/phpunit": "^5.7"
            },
            "bin": [
                "bin/hacktest"
            ],
            "type": "library",
            "notification-url": "https://packagist.org/downloads/",
            "license": [
                "MIT"
            ],
            "description": "The Hack Test Library",
            "time": "2018-09-25T23:16:10+00:00"
        }
    ],
    "aliases": [],
    "minimum-stability": "stable",
    "stability-flags": [],
    "prefer-stable": false,
    "prefer-lowest": false,
    "platform": {
        "hhvm": "~3.23"
    },
    "platform-dev": []
}
