{
    "_readme": [
        "This file locks the dependencies of your project to a known state",
        "Read more about it at https://getcomposer.org/doc/01-basic-usage.md#installing-dependencies",
        "This file is @generated automatically"
    ],
    "content-hash": "675094cde88f9aa9c3166db3c3db7de0",
    "packages": [
        {
            "name": "hhvm/hsl",
            "version": "v4.0.1",
            "source": {
                "type": "git",
                "url": "https://github.com/hhvm/hsl.git",
                "reference": "ccbb08fa6f27bf95d71653c7794d4dd113db2f95"
            },
            "dist": {
                "type": "zip",
                "url": "https://api.github.com/repos/hhvm/hsl/zipball/ccbb08fa6f27bf95d71653c7794d4dd113db2f95",
                "reference": "ccbb08fa6f27bf95d71653c7794d4dd113db2f95",
                "shasum": ""
            },
            "require": {
                "hhvm": "^4.0"
            },
            "require-dev": {
                "facebook/fbexpect": "^2.5.1",
                "hhvm/hacktest": "^1.0",
                "hhvm/hhvm-autoload": "^2.0"
            },
            "type": "library",
            "extra": {
                "branch-alias": {
                    "dev-master": "4.x-dev"
                }
            },
            "notification-url": "https://packagist.org/downloads/",
            "license": [
                "MIT"
            ],
            "description": "The Hack Standard Library",
            "time": "2019-02-26T19:56:29+00:00"
        },
        {
            "name": "hhvm/type-assert",
            "version": "v3.3.2",
            "source": {
                "type": "git",
                "url": "https://github.com/hhvm/type-assert.git",
                "reference": "92f95a5726d705d219e703ab0baa3910d7565fe9"
            },
            "dist": {
                "type": "zip",
                "url": "https://api.github.com/repos/hhvm/type-assert/zipball/92f95a5726d705d219e703ab0baa3910d7565fe9",
                "reference": "92f95a5726d705d219e703ab0baa3910d7565fe9",
                "shasum": ""
            },
            "require": {
                "hhvm": "^4.0",
                "hhvm/hsl": "^4.0"
            },
            "require-dev": {
                "facebook/fbexpect": "^2.0.0",
                "hhvm/hacktest": "^1.0",
                "hhvm/hhast": "^4.0",
                "hhvm/hhvm-autoload": "^2.0"
            },
            "type": "library",
            "extra": {
                "branch-alias": {
                    "dev-master": "3.x-dev"
                }
            },
            "notification-url": "https://packagist.org/downloads/",
            "license": [
                "MIT"
            ],
            "description": "Convert untyped data to typed data",
            "keywords": [
                "TypeAssert",
                "hack"
            ],
            "time": "2019-03-22T20:19:06+00:00"
        }
    ],
    "packages-dev": [
        {
            "name": "facebook/difflib",
            "version": "v1.1",
            "source": {
                "type": "git",
                "url": "https://github.com/hhvm/difflib.git",
                "reference": "195502ecd77a691e91449a3b726c9c670a99addf"
            },
            "dist": {
                "type": "zip",
                "url": "https://api.github.com/repos/hhvm/difflib/zipball/195502ecd77a691e91449a3b726c9c670a99addf",
                "reference": "195502ecd77a691e91449a3b726c9c670a99addf",
                "shasum": ""
            },
            "require": {
                "hhvm/hsl": "^4.0"
            },
            "require-dev": {
                "facebook/fbexpect": "^2.1.2",
                "hhvm/hacktest": "^1.0",
                "hhvm/hhast": "^4.0",
                "hhvm/hhvm-autoload": "^2.0"
            },
            "type": "library",
            "extra": {
                "branch-alias": {
                    "dev-master": "1.x-dev"
                }
            },
            "notification-url": "https://packagist.org/downloads/",
            "license": [
                "MIT"
            ],
            "time": "2019-02-09T01:44:39+00:00"
        },
        {
            "name": "facebook/fbexpect",
            "version": "v2.5.6",
            "source": {
                "type": "git",
                "url": "https://github.com/hhvm/fbexpect.git",
                "reference": "56c0b9a3473933af2056c795e4c2378f5af95529"
            },
            "dist": {
                "type": "zip",
                "url": "https://api.github.com/repos/hhvm/fbexpect/zipball/56c0b9a3473933af2056c795e4c2378f5af95529",
                "reference": "56c0b9a3473933af2056c795e4c2378f5af95529",
                "shasum": ""
            },
            "require": {
                "facebook/difflib": "^1.0.0",
                "hhvm": "^4.0",
                "hhvm/hacktest": "^1.0",
                "hhvm/hsl": "^4.0"
            },
            "require-dev": {
                "hhvm/hhast": "^4.1",
                "hhvm/hhvm-autoload": "^2.0"
            },
            "type": "library",
            "notification-url": "https://packagist.org/downloads/",
            "license": [
                "MIT"
            ],
            "description": "Unit test helpers for Facebook projects",
            "time": "2019-03-22T20:12:49+00:00"
        },
        {
            "name": "facebook/hh-clilib",
            "version": "v2.1.1",
            "source": {
                "type": "git",
                "url": "https://github.com/hhvm/hh-clilib.git",
                "reference": "9d6b1a8686951da24ab68ffeba25ae85d1788408"
            },
            "dist": {
                "type": "zip",
                "url": "https://api.github.com/repos/hhvm/hh-clilib/zipball/9d6b1a8686951da24ab68ffeba25ae85d1788408",
                "reference": "9d6b1a8686951da24ab68ffeba25ae85d1788408",
                "shasum": ""
            },
            "require": {
                "hhvm/hsl": "^4.0",
                "hhvm/hsl-experimental": "^4.0",
                "hhvm/type-assert": "^3.2"
            },
            "require-dev": {
                "facebook/fbexpect": "^2.1.0",
                "hhvm/hacktest": "^1.0.0",
                "hhvm/hhast": "^4.0.2"
            },
            "type": "library",
            "extra": {
                "branch-alias": {
                    "dev-master": "2.x-dev"
                }
            },
            "notification-url": "https://packagist.org/downloads/",
            "license": [
                "MIT"
            ],
            "time": "2019-03-26T18:31:27+00:00"
        },
        {
            "name": "hhvm/hacktest",
            "version": "v1.4",
            "source": {
                "type": "git",
                "url": "https://github.com/hhvm/hacktest.git",
                "reference": "b9d24382967f35eb745b991288ed4765f97d6d0c"
            },
            "dist": {
                "type": "zip",
                "url": "https://api.github.com/repos/hhvm/hacktest/zipball/b9d24382967f35eb745b991288ed4765f97d6d0c",
                "reference": "b9d24382967f35eb745b991288ed4765f97d6d0c",
                "shasum": ""
            },
            "require": {
                "facebook/hh-clilib": "^2.0.0",
                "hhvm": "^4.0",
                "hhvm/hhvm-autoload": "^2.0",
                "hhvm/hsl": "^4.0",
                "hhvm/type-assert": "^3.2"
            },
            "require-dev": {
                "facebook/fbexpect": "^2.3.0",
                "hhvm/hhast": "^4.0"
            },
            "bin": [
                "bin/hacktest"
            ],
            "type": "library",
            "extra": {
                "branch-alias": {
                    "dev-master": "1.x-dev"
                }
            },
            "notification-url": "https://packagist.org/downloads/",
            "license": [
                "MIT"
            ],
            "description": "The Hack Test Library",
            "time": "2019-02-09T02:45:13+00:00"
        },
        {
            "name": "hhvm/hhvm-autoload",
            "version": "v2.0.6",
            "source": {
                "type": "git",
                "url": "https://github.com/hhvm/hhvm-autoload.git",
                "reference": "4f510960e71adcad661c33ae355d0d9670d9c805"
            },
            "dist": {
                "type": "zip",
                "url": "https://api.github.com/repos/hhvm/hhvm-autoload/zipball/4f510960e71adcad661c33ae355d0d9670d9c805",
                "reference": "4f510960e71adcad661c33ae355d0d9670d9c805",
                "shasum": ""
            },
            "require": {
                "composer-plugin-api": "^1.0",
                "hhvm": "^4.0",
                "hhvm/hsl": "^4.0"
            },
            "replace": {
                "facebook/hhvm-autoload": "1.*"
            },
            "require-dev": {
                "facebook/fbexpect": "^2.1",
                "hhvm/hacktest": "^1.0"
            },
            "bin": [
                "bin/hh-autoload",
                "bin/hh-autoload.hack"
            ],
            "type": "composer-plugin",
            "extra": {
                "class": [
                    "Facebook\\AutoloadMap\\ComposerPlugin"
                ],
                "branch-alias": {
                    "dev-master": "2.x-dev"
                }
            },
            "autoload": {
                "classmap": [
                    "src/ComposerPlugin.php"
                ]
            },
            "notification-url": "https://packagist.org/downloads/",
            "time": "2019-03-26T17:57:44+00:00"
        },
        {
            "name": "hhvm/hsl-experimental",
            "version": "v4.0.2",
            "source": {
                "type": "git",
                "url": "https://github.com/hhvm/hsl-experimental.git",
                "reference": "a06996b0e438b2c6d7b86d1cb3ce41312e9885a5"
            },
            "dist": {
                "type": "zip",
                "url": "https://api.github.com/repos/hhvm/hsl-experimental/zipball/a06996b0e438b2c6d7b86d1cb3ce41312e9885a5",
                "reference": "a06996b0e438b2c6d7b86d1cb3ce41312e9885a5",
                "shasum": ""
            },
            "require": {
                "hhvm": "^4.0",
                "hhvm/hsl": "^4.0"
            },
            "require-dev": {
                "facebook/fbexpect": "^2.0",
                "hhvm/hacktest": "^1.0",
                "hhvm/hhvm-autoload": "^2.0"
            },
            "type": "library",
            "extra": {
                "branch-alias": {
                    "dev-master": "4.x-dev",
                    "dev-v4.0.x": "4.0.x-dev"
                }
            },
            "notification-url": "https://packagist.org/downloads/",
            "license": [
                "MIT"
            ],
            "description": "The Hack Standard Library - Experimental Additions",
            "time": "2019-03-04T21:35:44+00:00"
        }
    ],
    "aliases": [],
    "minimum-stability": "stable",
    "stability-flags": [],
    "prefer-stable": false,
    "prefer-lowest": false,
    "platform": {
        "hhvm": "^4.0.0"
    },
    "platform-dev": []
}
